
Microsoft Visual Studio Solution File, Format Version 12.00
# Visual Studio 15
VisualStudioVersion = 15.0.27130.2027
MinimumVisualStudioVersion = 10.0.40219.1
Project("{FAE04EC0-301F-11D3-BF4B-00C04F79EFBC}") = "Shop14", "Shop14\Shop14.csproj", "{25CDEADC-CCFE-46DD-B80E-0D95FAEFFDA1}"
EndProject
Global
	GlobalSection(SolutionConfigurationPlatforms) = preSolution
		Debug|Any CPU = Debug|Any CPU
		Release|Any CPU = Release|Any CPU
	EndGlobalSection
	GlobalSection(ProjectConfigurationPlatforms) = postSolution
		{25CDEADC-CCFE-46DD-B80E-0D95FAEFFDA1}.Debug|Any CPU.ActiveCfg = Debug|Any CPU
		{25CDEADC-CCFE-46DD-B80E-0D95FAEFFDA1}.Debug|Any CPU.Build.0 = Debug|Any CPU
		{25CDEADC-CCFE-46DD-B80E-0D95FAEFFDA1}.Release|Any CPU.ActiveCfg = Release|Any CPU
		{25CDEADC-CCFE-46DD-B80E-0D95FAEFFDA1}.Release|Any CPU.Build.0 = Release|Any CPU
	EndGlobalSection
	GlobalSection(SolutionProperties) = preSolution
		HideSolutionNode = FALSE
	EndGlobalSection
	GlobalSection(ExtensibilityGlobals) = postSolution
		SolutionGuid = {AE9FD8D4-5472-4425-97EB-A1EDD2AB08A2}
	EndGlobalSection
EndGlobal
